version = 1
requires-python = ">=3.9"
resolution-markers = [
    "python_full_version < '3.10' and platform_machine == 'arm64' and platform_system == 'Darwin'",
    "python_full_version < '3.10' and platform_machine == 'aarch64' and platform_system == 'Linux'",
    "(python_full_version < '3.10' and platform_machine != 'aarch64' and platform_machine != 'arm64') or (python_full_version < '3.10' and platform_machine == 'aarch64' and platform_system != 'Linux') or (python_full_version < '3.10' and platform_machine == 'arm64' and platform_system != 'Darwin')",
    "python_full_version == '3.10.*' and platform_system == 'Darwin'",
    "python_full_version == '3.10.*' and platform_machine == 'aarch64' and platform_system == 'Linux'",
    "(python_full_version == '3.10.*' and platform_machine != 'aarch64' and platform_system != 'Darwin') or (python_full_version == '3.10.*' and platform_system != 'Darwin' and platform_system != 'Linux')",
    "python_full_version == '3.11.*' and platform_system == 'Darwin'",
    "python_full_version == '3.11.*' and platform_machine == 'aarch64' and platform_system == 'Linux'",
    "(python_full_version == '3.11.*' and platform_machine != 'aarch64' and platform_system != 'Darwin') or (python_full_version == '3.11.*' and platform_system != 'Darwin' and platform_system != 'Linux')",
    "python_full_version >= '3.12' and platform_system == 'Darwin'",
    "python_full_version >= '3.12' and platform_machine == 'aarch64' and platform_system == 'Linux'",
    "(python_full_version >= '3.12' and platform_machine != 'aarch64' and platform_system != 'Darwin') or (python_full_version >= '3.12' and platform_system != 'Darwin' and platform_system != 'Linux')",
]

[[package]]
name = "coloredlogs"
version = "15.0.1"
source = { registry = "https://pypi.org/simple" }
dependencies = [
    { name = "humanfriendly" },
]
sdist = { url = "https://files.pythonhosted.org/packages/cc/c7/eed8f27100517e8c0e6b923d5f0845d0cb99763da6fdee00478f91db7325/coloredlogs-15.0.1.tar.gz", hash = "sha256:7c991aa71a4577af2f82600d8f8f3a89f936baeaf9b50a9c197da014e5bf16b0", size = 278520 }
wheels = [
    { url = "https://files.pythonhosted.org/packages/a7/06/3d6badcf13db419e25b07041d9c7b4a2c331d3f4e7134445ec5df57714cd/coloredlogs-15.0.1-py2.py3-none-any.whl", hash = "sha256:612ee75c546f53e92e70049c9dbfcc18c935a2b9a53b66085ce9ef6a6e5c0934", size = 46018 },
]

[[package]]
name = "flatbuffers"
version = "23.5.26"
source = { registry = "https://pypi.org/simple" }
sdist = { url = "https://files.pythonhosted.org/packages/0c/6e/3e52cd294d8e7a61e010973cce076a0cb2c6c0dfd4d0b7a13648c1b98329/flatbuffers-23.5.26.tar.gz", hash = "sha256:9ea1144cac05ce5d86e2859f431c6cd5e66cd9c78c558317c7955fb8d4c78d89", size = 22114 }
wheels = [
    { url = "https://files.pythonhosted.org/packages/6f/12/d5c79ee252793ffe845d58a913197bfa02ae9a0b5c9bc3dc4b58d477b9e7/flatbuffers-23.5.26-py2.py3-none-any.whl", hash = "sha256:c0ff356da363087b915fde4b8b45bdda73432fc17cddb3c8157472eab1422ad1", size = 26744 },
]

[[package]]
name = "head-pose-estimation"
version = "0.1.0"
source = { editable = "." }
dependencies = [
    { name = "coloredlogs" },
    { name = "flatbuffers" },
    { name = "humanfriendly" },
    { name = "mpmath" },
    { name = "numpy" },
    { name = "onnxruntime" },
    { name = "opencv-python" },
    { name = "packaging" },
    { name = "protobuf" },
    { name = "sympy" },
]

[package.metadata]
requires-dist = [
    { name = "coloredlogs", specifier = "==15.0.1" },
    { name = "flatbuffers", specifier = "==23.5.26" },
    { name = "humanfriendly", specifier = "==10.0" },
    { name = "mpmath", specifier = "==1.3.0" },
    { name = "numpy", specifier = ">=1.26.0,<2.0" },
    { name = "onnxruntime", specifier = "==1.17.1" },
    { name = "opencv-python", specifier = ">=4.8.0" },
    { name = "packaging", specifier = "==23.1" },
    { name = "protobuf", specifier = "==4.23.2" },
    { name = "sympy", specifier = "==1.12" },
]

[[package]]
name = "humanfriendly"
version = "10.0"
source = { registry = "https://pypi.org/simple" }
dependencies = [
    { name = "pyreadline3", marker = "sys_platform == 'win32'" },
]
sdist = { url = "https://files.pythonhosted.org/packages/cc/3f/2c29224acb2e2df4d2046e4c73ee2662023c58ff5b113c4c1adac0886c43/humanfriendly-10.0.tar.gz", hash = "sha256:6b0b831ce8f15f7300721aa49829fc4e83921a9a301cc7f606be6686a2288ddc", size = 360702 }
wheels = [
    { url = "https://files.pythonhosted.org/packages/f0/0f/310fb31e39e2d734ccaa2c0fb981ee41f7bd5056ce9bc29b2248bd569169/humanfriendly-10.0-py2.py3-none-any.whl", hash = "sha256:1697e1a8a8f550fd43c2865cd84542fc175a61dcb779b6fee18cf6b6ccba1477", size = 86794 },
]

[[package]]
name = "mpmath"
version = "1.3.0"
source = { registry = "https://pypi.org/simple" }
sdist = { url = "https://files.pythonhosted.org/packages/e0/47/dd32fa426cc72114383ac549964eecb20ecfd886d1e5ccf5340b55b02f57/mpmath-1.3.0.tar.gz", hash = "sha256:7a28eb2a9774d00c7bc92411c19a89209d5da7c4c9a9e227be8330a23a25b91f", size = 508106 }
wheels = [
    { url = "https://files.pythonhosted.org/packages/43/e3/7d92a15f894aa0c9c4b49b8ee9ac9850d6e63b03c9c32c0367a13ae62209/mpmath-1.3.0-py3-none-any.whl", hash = "sha256:a0b2b9fe80bbcd81a6647ff13108738cfb482d481d826cc0e02f5b35e5c88d2c", size = 536198 },
]

[[package]]
name = "numpy"
version = "1.26.4"
source = { registry = "https://pypi.org/simple" }
sdist = { url = "https://files.pythonhosted.org/packages/65/6e/09db70a523a96d25e115e71cc56a6f9031e7b8cd166c1ac8438307c14058/numpy-1.26.4.tar.gz", hash = "sha256:2a02aba9ed12e4ac4eb3ea9421c420301a0c6460d9830d74a9df87efa4912010", size = 15786129 }
wheels = [
    { url = "https://files.pythonhosted.org/packages/a7/94/ace0fdea5241a27d13543ee117cbc65868e82213fb31a8eb7fe9ff23f313/numpy-1.26.4-cp310-cp310-macosx_10_9_x86_64.whl", hash = "sha256:9ff0f4f29c51e2803569d7a51c2304de5554655a60c5d776e35b4a41413830d0", size = 20631468 },
    { url = "https://files.pythonhosted.org/packages/20/f7/b24208eba89f9d1b58c1668bc6c8c4fd472b20c45573cb767f59d49fb0f6/numpy-1.26.4-cp310-cp310-macosx_11_0_arm64.whl", hash = "sha256:2e4ee3380d6de9c9ec04745830fd9e2eccb3e6cf790d39d7b98ffd19b0dd754a", size = 13966411 },
    { url = "https://files.pythonhosted.org/packages/fc/a5/4beee6488160798683eed5bdb7eead455892c3b4e1f78d79d8d3f3b084ac/numpy-1.26.4-cp310-cp310-manylinux_2_17_aarch64.manylinux2014_aarch64.whl", hash = "sha256:d209d8969599b27ad20994c8e41936ee0964e6da07478d6c35016bc386b66ad4", size = 14219016 },
    { url = "https://files.pythonhosted.org/packages/4b/d7/ecf66c1cd12dc28b4040b15ab4d17b773b87fa9d29ca16125de01adb36cd/numpy-1.26.4-cp310-cp310-manylinux_2_17_x86_64.manylinux2014_x86_64.whl", hash = "sha256:ffa75af20b44f8dba823498024771d5ac50620e6915abac414251bd971b4529f", size = 18240889 },
    { url = "https://files.pythonhosted.org/packages/24/03/6f229fe3187546435c4f6f89f6d26c129d4f5bed40552899fcf1f0bf9e50/numpy-1.26.4-cp310-cp310-musllinux_1_1_aarch64.whl", hash = "sha256:62b8e4b1e28009ef2846b4c7852046736bab361f7aeadeb6a5b89ebec3c7055a", size = 13876746 },
    { url = "https://files.pythonhosted.org/packages/39/fe/39ada9b094f01f5a35486577c848fe274e374bbf8d8f472e1423a0bbd26d/numpy-1.26.4-cp310-cp310-musllinux_1_1_x86_64.whl", hash = "sha256:a4abb4f9001ad2858e7ac189089c42178fcce737e4169dc61321660f1a96c7d2", size = 18078620 },
    { url = "https://files.pythonhosted.org/packages/d5/ef/6ad11d51197aad206a9ad2286dc1aac6a378059e06e8cf22cd08ed4f20dc/numpy-1.26.4-cp310-cp310-win32.whl", hash = "sha256:bfe25acf8b437eb2a8b2d49d443800a5f18508cd811fea3181723922a8a82b07", size = 5972659 },
    { url = "https://files.pythonhosted.org/packages/19/77/538f202862b9183f54108557bfda67e17603fc560c384559e769321c9d92/numpy-1.26.4-cp310-cp310-win_amd64.whl", hash = "sha256:b97fe8060236edf3662adfc2c633f56a08ae30560c56310562cb4f95500022d5", size = 15808905 },
    { url = "https://files.pythonhosted.org/packages/11/57/baae43d14fe163fa0e4c47f307b6b2511ab8d7d30177c491960504252053/numpy-1.26.4-cp311-cp311-macosx_10_9_x86_64.whl", hash = "sha256:4c66707fabe114439db9068ee468c26bbdf909cac0fb58686a42a24de1760c71", size = 20630554 },
    { url = "https://files.pythonhosted.org/packages/1a/2e/151484f49fd03944c4a3ad9c418ed193cfd02724e138ac8a9505d056c582/numpy-1.26.4-cp311-cp311-macosx_11_0_arm64.whl", hash = "sha256:edd8b5fe47dab091176d21bb6de568acdd906d1887a4584a15a9a96a1dca06ef", size = 13997127 },
    { url = "https://files.pythonhosted.org/packages/79/ae/7e5b85136806f9dadf4878bf73cf223fe5c2636818ba3ab1c585d0403164/numpy-1.26.4-cp311-cp311-manylinux_2_17_aarch64.manylinux2014_aarch64.whl", hash = "sha256:7ab55401287bfec946ced39700c053796e7cc0e3acbef09993a9ad2adba6ca6e", size = 14222994 },
    { url = "https://files.pythonhosted.org/packages/3a/d0/edc009c27b406c4f9cbc79274d6e46d634d139075492ad055e3d68445925/numpy-1.26.4-cp311-cp311-manylinux_2_17_x86_64.manylinux2014_x86_64.whl", hash = "sha256:666dbfb6ec68962c033a450943ded891bed2d54e6755e35e5835d63f4f6931d5", size = 18252005 },
    { url = "https://files.pythonhosted.org/packages/09/bf/2b1aaf8f525f2923ff6cfcf134ae5e750e279ac65ebf386c75a0cf6da06a/numpy-1.26.4-cp311-cp311-musllinux_1_1_aarch64.whl", hash = "sha256:96ff0b2ad353d8f990b63294c8986f1ec3cb19d749234014f4e7eb0112ceba5a", size = 13885297 },
    { url = "https://files.pythonhosted.org/packages/df/a0/4e0f14d847cfc2a633a1c8621d00724f3206cfeddeb66d35698c4e2cf3d2/numpy-1.26.4-cp311-cp311-musllinux_1_1_x86_64.whl", hash = "sha256:60dedbb91afcbfdc9bc0b1f3f402804070deed7392c23eb7a7f07fa857868e8a", size = 18093567 },
    { url = "https://files.pythonhosted.org/packages/d2/b7/a734c733286e10a7f1a8ad1ae8c90f2d33bf604a96548e0a4a3a6739b468/numpy-1.26.4-cp311-cp311-win32.whl", hash = "sha256:1af303d6b2210eb850fcf03064d364652b7120803a0b872f5211f5234b399f20", size = 5968812 },
    { url = "https://files.pythonhosted.org/packages/3f/6b/5610004206cf7f8e7ad91c5a85a8c71b2f2f8051a0c0c4d5916b76d6cbb2/numpy-1.26.4-cp311-cp311-win_amd64.whl", hash = "sha256:cd25bcecc4974d09257ffcd1f098ee778f7834c3ad767fe5db785be9a4aa9cb2", size = 15811913 },
    { url = "https://files.pythonhosted.org/packages/95/12/8f2020a8e8b8383ac0177dc9570aad031a3beb12e38847f7129bacd96228/numpy-1.26.4-cp312-cp312-macosx_10_9_x86_64.whl", hash = "sha256:b3ce300f3644fb06443ee2222c2201dd3a89ea6040541412b8fa189341847218", size = 20335901 },
    { url = "https://files.pythonhosted.org/packages/75/5b/ca6c8bd14007e5ca171c7c03102d17b4f4e0ceb53957e8c44343a9546dcc/numpy-1.26.4-cp312-cp312-macosx_11_0_arm64.whl", hash = "sha256:03a8c78d01d9781b28a6989f6fa1bb2c4f2d51201cf99d3dd875df6fbd96b23b", size = 13685868 },
    { url = "https://files.pythonhosted.org/packages/79/f8/97f10e6755e2a7d027ca783f63044d5b1bc1ae7acb12afe6a9b4286eac17/numpy-1.26.4-cp312-cp312-manylinux_2_17_aarch64.manylinux2014_aarch64.whl", hash = "sha256:9fad7dcb1aac3c7f0584a5a8133e3a43eeb2fe127f47e3632d43d677c66c102b", size = 13925109 },
    { url = "https://files.pythonhosted.org/packages/0f/50/de23fde84e45f5c4fda2488c759b69990fd4512387a8632860f3ac9cd225/numpy-1.26.4-cp312-cp312-manylinux_2_17_x86_64.manylinux2014_x86_64.whl", hash = "sha256:675d61ffbfa78604709862923189bad94014bef562cc35cf61d3a07bba02a7ed", size = 17950613 },
    { url = "https://files.pythonhosted.org/packages/4c/0c/9c603826b6465e82591e05ca230dfc13376da512b25ccd0894709b054ed0/numpy-1.26.4-cp312-cp312-musllinux_1_1_aarch64.whl", hash = "sha256:ab47dbe5cc8210f55aa58e4805fe224dac469cde56b9f731a4c098b91917159a", size = 13572172 },
    { url = "https://files.pythonhosted.org/packages/76/8c/2ba3902e1a0fc1c74962ea9bb33a534bb05984ad7ff9515bf8d07527cadd/numpy-1.26.4-cp312-cp312-musllinux_1_1_x86_64.whl", hash = "sha256:1dda2e7b4ec9dd512f84935c5f126c8bd8b9f2fc001e9f54af255e8c5f16b0e0", size = 17786643 },
    { url = "https://files.pythonhosted.org/packages/28/4a/46d9e65106879492374999e76eb85f87b15328e06bd1550668f79f7b18c6/numpy-1.26.4-cp312-cp312-win32.whl", hash = "sha256:50193e430acfc1346175fcbdaa28ffec49947a06918b7b92130744e81e640110", size = 5677803 },
    { url = "https://files.pythonhosted.org/packages/16/2e/86f24451c2d530c88daf997cb8d6ac622c1d40d19f5a031ed68a4b73a374/numpy-1.26.4-cp312-cp312-win_amd64.whl", hash = "sha256:08beddf13648eb95f8d867350f6a018a4be2e5ad54c8d8caed89ebca558b2818", size = 15517754 },
    { url = "https://files.pythonhosted.org/packages/7d/24/ce71dc08f06534269f66e73c04f5709ee024a1afe92a7b6e1d73f158e1f8/numpy-1.26.4-cp39-cp39-macosx_10_9_x86_64.whl", hash = "sha256:7349ab0fa0c429c82442a27a9673fc802ffdb7c7775fad780226cb234965e53c", size = 20636301 },
    { url = "https://files.pythonhosted.org/packages/ae/8c/ab03a7c25741f9ebc92684a20125fbc9fc1b8e1e700beb9197d750fdff88/numpy-1.26.4-cp39-cp39-macosx_11_0_arm64.whl", hash = "sha256:52b8b60467cd7dd1e9ed082188b4e6bb35aa5cdd01777621a1658910745b90be", size = 13971216 },
    { url = "https://files.pythonhosted.org/packages/6d/64/c3bcdf822269421d85fe0d64ba972003f9bb4aa9a419da64b86856c9961f/numpy-1.26.4-cp39-cp39-manylinux_2_17_aarch64.manylinux2014_aarch64.whl", hash = "sha256:d5241e0a80d808d70546c697135da2c613f30e28251ff8307eb72ba696945764", size = 14226281 },
    { url = "https://files.pythonhosted.org/packages/54/30/c2a907b9443cf42b90c17ad10c1e8fa801975f01cb9764f3f8eb8aea638b/numpy-1.26.4-cp39-cp39-manylinux_2_17_x86_64.manylinux2014_x86_64.whl", hash = "sha256:f870204a840a60da0b12273ef34f7051e98c3b5961b61b0c2c1be6dfd64fbcd3", size = 18249516 },
    { url = "https://files.pythonhosted.org/packages/43/12/01a563fc44c07095996d0129b8899daf89e4742146f7044cdbdb3101c57f/numpy-1.26.4-cp39-cp39-musllinux_1_1_aarch64.whl", hash = "sha256:679b0076f67ecc0138fd2ede3a8fd196dddc2ad3254069bcb9faf9a79b1cebcd", size = 13882132 },
    { url = "https://files.pythonhosted.org/packages/16/ee/9df80b06680aaa23fc6c31211387e0db349e0e36d6a63ba3bd78c5acdf11/numpy-1.26.4-cp39-cp39-musllinux_1_1_x86_64.whl", hash = "sha256:47711010ad8555514b434df65f7d7b076bb8261df1ca9bb78f53d3b2db02e95c", size = 18084181 },
    { url = "https://files.pythonhosted.org/packages/28/7d/4b92e2fe20b214ffca36107f1a3e75ef4c488430e64de2d9af5db3a4637d/numpy-1.26.4-cp39-cp39-win32.whl", hash = "sha256:a354325ee03388678242a4d7ebcd08b5c727033fcff3b2f536aea978e15ee9e6", size = 5976360 },
    { url = "https://files.pythonhosted.org/packages/b5/42/054082bd8220bbf6f297f982f0a8f5479fcbc55c8b511d928df07b965869/numpy-1.26.4-cp39-cp39-win_amd64.whl", hash = "sha256:3373d5d70a5fe74a2c1bb6d2cfd9609ecf686d47a2d7b1d37a8f3b6bf6003aea", size = 15814633 },
    { url = "https://files.pythonhosted.org/packages/3f/72/3df6c1c06fc83d9cfe381cccb4be2532bbd38bf93fbc9fad087b6687f1c0/numpy-1.26.4-pp39-pypy39_pp73-macosx_10_9_x86_64.whl", hash = "sha256:afedb719a9dcfc7eaf2287b839d8198e06dcd4cb5d276a3df279231138e83d30", size = 20455961 },
    { url = "https://files.pythonhosted.org/packages/8e/02/570545bac308b58ffb21adda0f4e220ba716fb658a63c151daecc3293350/numpy-1.26.4-pp39-pypy39_pp73-manylinux_2_17_x86_64.manylinux2014_x86_64.whl", hash = "sha256:95a7476c59002f2f6c590b9b7b998306fba6a5aa646b1e22ddfeaf8f78c3a29c", size = 18061071 },
    { url = "https://files.pythonhosted.org/packages/f4/5f/fafd8c51235f60d49f7a88e2275e13971e90555b67da52dd6416caec32fe/numpy-1.26.4-pp39-pypy39_pp73-win_amd64.whl", hash = "sha256:7e50d0a0cc3189f9cb0aeb3a6a6af18c16f59f004b866cd2be1c14b36134a4a0", size = 15709730 },
]

[[package]]
name = "onnxruntime"
version = "1.17.1"
source = { registry = "https://pypi.org/simple" }
dependencies = [
    { name = "coloredlogs" },
    { name = "flatbuffers" },
    { name = "numpy" },
    { name = "packaging" },
    { name = "protobuf" },
    { name = "sympy" },
]
wheels = [
    { url = "https://files.pythonhosted.org/packages/8f/59/e10881d48f6f132eb6135dad27079a2fcb8b41861d7b33556eb3d7bfcecb/onnxruntime-1.17.1-cp310-cp310-macosx_11_0_universal2.whl", hash = "sha256:d43ac17ac4fa3c9096ad3c0e5255bb41fd134560212dc124e7f52c3159af5d21", size = 14762759 },
    { url = "https://files.pythonhosted.org/packages/9d/d9/fd6b7156b657bf921a0b09c26bfe63848805ad674059912c5d33bc99e56b/onnxruntime-1.17.1-cp310-cp310-manylinux_2_27_aarch64.manylinux_2_28_aarch64.whl", hash = "sha256:55b5e92a4c76a23981c998078b9bf6145e4fb0b016321a8274b1607bd3c6bd35", size = 5857784 },
    { url = "https://files.pythonhosted.org/packages/3d/85/db9e2ccef45f1670013495084bf74db7b24e2edfd3d7be92211eb968e369/onnxruntime-1.17.1-cp310-cp310-manylinux_2_27_x86_64.manylinux_2_28_x86_64.whl", hash = "sha256:ebbcd2bc3a066cf54e6f18c75708eb4d309ef42be54606d22e5bdd78afc5b0d7", size = 6786777 },
    { url = "https://files.pythonhosted.org/packages/69/2c/75c014cfe4120faa14f4387faf40ffe32e84ec47f07b48e0662e130ef2f3/onnxruntime-1.17.1-cp310-cp310-win32.whl", hash = "sha256:5e3716b5eec9092e29a8d17aab55e737480487deabfca7eac3cd3ed952b6ada9", size = 4934432 },
    { url = "https://files.pythonhosted.org/packages/e0/fa/f5b8a7dc6c0b7d059c073dcb192bfb02c86a6006c8735509eb59b9ea11f0/onnxruntime-1.17.1-cp310-cp310-win_amd64.whl", hash = "sha256:fbb98cced6782ae1bb799cc74ddcbbeeae8819f3ad1d942a74d88e72b6511337", size = 5599711 },
    { url = "https://files.pythonhosted.org/packages/89/82/4744bcdefd82e910d530d9f220fd8583d883e2275b6828bc25876051b28c/onnxruntime-1.17.1-cp311-cp311-macosx_11_0_universal2.whl", hash = "sha256:36fd6f87a1ecad87e9c652e42407a50fb305374f9a31d71293eb231caae18784", size = 14762988 },
    { url = "https://files.pythonhosted.org/packages/cd/a7/0cf482a4c6b7da6f551f3d80b015070665951d880f422221a345207ce680/onnxruntime-1.17.1-cp311-cp311-manylinux_2_27_aarch64.manylinux_2_28_aarch64.whl", hash = "sha256:99a8bddeb538edabc524d468edb60ad4722cff8a49d66f4e280c39eace70500b", size = 5851009 },
    { url = "https://files.pythonhosted.org/packages/fb/32/713dc08e5bd4a9e70e5f5c621d4dbe2f9c039fbd37ec6b94956485e0f90d/onnxruntime-1.17.1-cp311-cp311-manylinux_2_27_x86_64.manylinux_2_28_x86_64.whl", hash = "sha256:fd7fddb4311deb5a7d3390cd8e9b3912d4d963efbe4dfe075edbaf18d01c024e", size = 6787425 },
    { url = "https://files.pythonhosted.org/packages/a0/dc/b8ceb8bd4f9d3375c5d0771dfa2edb773cde06243bafa62e57635e891e1e/onnxruntime-1.17.1-cp311-cp311-win32.whl", hash = "sha256:606a7cbfb6680202b0e4f1890881041ffc3ac6e41760a25763bd9fe146f0b335", size = 4934458 },
    { url = "https://files.pythonhosted.org/packages/43/24/37ca26db9e135817cbda65bae34af02a6f5c394a3968d07f2bf190e788fd/onnxruntime-1.17.1-cp311-cp311-win_amd64.whl", hash = "sha256:53e4e06c0a541696ebdf96085fd9390304b7b04b748a19e02cf3b35c869a1e76", size = 5599784 },
    { url = "https://files.pythonhosted.org/packages/a1/a2/00ea929ccf9b4702af11e13fa52e9ac607aecc867b041ffcbe646e29f880/onnxruntime-1.17.1-cp312-cp312-macosx_11_0_universal2.whl", hash = "sha256:40f08e378e0f85929712a2b2c9b9a9cc400a90c8a8ca741d1d92c00abec60843", size = 14774341 },
    { url = "https://files.pythonhosted.org/packages/36/82/764e94ca19ca5b694aeb777191d5973189d67e303bdf68e9df2147af267f/onnxruntime-1.17.1-cp312-cp312-manylinux_2_27_aarch64.manylinux_2_28_aarch64.whl", hash = "sha256:ac79da6d3e1bb4590f1dad4bb3c2979d7228555f92bb39820889af8b8e6bd472", size = 5849157 },
    { url = "https://files.pythonhosted.org/packages/6f/75/f22390f6d216c52639400bb5e7d7f96d0c5445de5ca18f48dba17669e4e1/onnxruntime-1.17.1-cp312-cp312-manylinux_2_27_x86_64.manylinux_2_28_x86_64.whl", hash = "sha256:ae9ba47dc099004e3781f2d0814ad710a13c868c739ab086fc697524061695ea", size = 6790530 },
    { url = "https://files.pythonhosted.org/packages/fa/a0/d24a8382c6a0d596690a06e981aef5a75a03bfc7cdc34f35fe7eb0a93988/onnxruntime-1.17.1-cp312-cp312-win32.whl", hash = "sha256:2dff1a24354220ac30e4a4ce2fb1df38cb1ea59f7dac2c116238d63fe7f4c5ff", size = 4935150 },
    { url = "https://files.pythonhosted.org/packages/81/e5/55699490257383a0a579b43eeea545680edc8f956f83fde1e16c5fd2359e/onnxruntime-1.17.1-cp312-cp312-win_amd64.whl", hash = "sha256:6226a5201ab8cafb15e12e72ff2a4fc8f50654e8fa5737c6f0bd57c5ff66827e", size = 5602101 },
    { url = "https://files.pythonhosted.org/packages/72/a8/737698c67038b8c2c8c2d7465988d0c84e884fe88fe17f116c969034a877/onnxruntime-1.17.1-cp39-cp39-macosx_11_0_universal2.whl", hash = "sha256:7a9539935fb2d78ebf2cf2693cad02d9930b0fb23cdd5cf37a7df813e977674d", size = 14762505 },
    { url = "https://files.pythonhosted.org/packages/02/a2/69bdf1c743811eca82f5f583a96228d62f5c0a90a6013b3f22da65bd96af/onnxruntime-1.17.1-cp39-cp39-manylinux_2_27_aarch64.manylinux_2_28_aarch64.whl", hash = "sha256:45c6a384e9d9a29c78afff62032a46a993c477b280247a7e335df09372aedbe9", size = 5853144 },
    { url = "https://files.pythonhosted.org/packages/6c/84/369acbaa48c416b40c3fd3b2a4ff41846d20190bbb06042a0ccd9afba03f/onnxruntime-1.17.1-cp39-cp39-manylinux_2_27_x86_64.manylinux_2_28_x86_64.whl", hash = "sha256:4e19f966450f16863a1d6182a685ca33ae04d7772a76132303852d05b95411ea", size = 6787843 },
    { url = "https://files.pythonhosted.org/packages/cd/20/543282495aaeaf730a10e8901a8bc69805b55045797efd7006d12c197ce8/onnxruntime-1.17.1-cp39-cp39-win32.whl", hash = "sha256:e2ae712d64a42aac29ed7a40a426cb1e624a08cfe9273dcfe681614aa65b07dc", size = 4934462 },
    { url = "https://files.pythonhosted.org/packages/cf/7f/f11990c263bbc144e1fcbba1061be5bcff7f09494dbf3186d2c5a8a17835/onnxruntime-1.17.1-cp39-cp39-win_amd64.whl", hash = "sha256:f7e9f7fb049825cdddf4a923cfc7c649d84d63c0134315f8e0aa9e0c3004672c", size = 5601956 },
]

[[package]]
name = "opencv-python"
version = "4.11.0.86"
source = { registry = "https://pypi.org/simple" }
dependencies = [
    { name = "numpy" },
]
sdist = { url = "https://files.pythonhosted.org/packages/17/06/68c27a523103dad5837dc5b87e71285280c4f098c60e4fe8a8db6486ab09/opencv-python-4.11.0.86.tar.gz", hash = "sha256:03d60ccae62304860d232272e4a4fda93c39d595780cb40b161b310244b736a4", size = 95171956 }
wheels = [
    { url = "https://files.pythonhosted.org/packages/05/4d/53b30a2a3ac1f75f65a59eb29cf2ee7207ce64867db47036ad61743d5a23/opencv_python-4.11.0.86-cp37-abi3-macosx_13_0_arm64.whl", hash = "sha256:432f67c223f1dc2824f5e73cdfcd9db0efc8710647d4e813012195dc9122a52a", size = 37326322 },
    { url = "https://files.pythonhosted.org/packages/3b/84/0a67490741867eacdfa37bc18df96e08a9d579583b419010d7f3da8ff503/opencv_python-4.11.0.86-cp37-abi3-macosx_13_0_x86_64.whl", hash = "sha256:9d05ef13d23fe97f575153558653e2d6e87103995d54e6a35db3f282fe1f9c66", size = 56723197 },
    { url = "https://files.pythonhosted.org/packages/f3/bd/29c126788da65c1fb2b5fb621b7fed0ed5f9122aa22a0868c5e2c15c6d23/opencv_python-4.11.0.86-cp37-abi3-manylinux_2_17_aarch64.manylinux2014_aarch64.whl", hash = "sha256:1b92ae2c8852208817e6776ba1ea0d6b1e0a1b5431e971a2a0ddd2a8cc398202", size = 42230439 },
    { url = "https://files.pythonhosted.org/packages/2c/8b/90eb44a40476fa0e71e05a0283947cfd74a5d36121a11d926ad6f3193cc4/opencv_python-4.11.0.86-cp37-abi3-manylinux_2_17_x86_64.manylinux2014_x86_64.whl", hash = "sha256:6b02611523803495003bd87362db3e1d2a0454a6a63025dc6658a9830570aa0d", size = 62986597 },
    { url = "https://files.pythonhosted.org/packages/fb/d7/1d5941a9dde095468b288d989ff6539dd69cd429dbf1b9e839013d21b6f0/opencv_python-4.11.0.86-cp37-abi3-win32.whl", hash = "sha256:810549cb2a4aedaa84ad9a1c92fbfdfc14090e2749cedf2c1589ad8359aa169b", size = 29384337 },
    { url = "https://files.pythonhosted.org/packages/a4/7d/f1c30a92854540bf789e9cd5dde7ef49bbe63f855b85a2e6b3db8135c591/opencv_python-4.11.0.86-cp37-abi3-win_amd64.whl", hash = "sha256:085ad9b77c18853ea66283e98affefe2de8cc4c1f43eda4c100cf9b2721142ec", size = 39488044 },
]

[[package]]
name = "packaging"
version = "23.1"
source = { registry = "https://pypi.org/simple" }
sdist = { url = "https://files.pythonhosted.org/packages/b9/6c/7c6658d258d7971c5eb0d9b69fa9265879ec9a9158031206d47800ae2213/packaging-23.1.tar.gz", hash = "sha256:a392980d2b6cffa644431898be54b0045151319d1e7ec34f0cfed48767dd334f", size = 134240 }
wheels = [
    { url = "https://files.pythonhosted.org/packages/ab/c3/57f0601a2d4fe15de7a553c00adbc901425661bf048f2a22dfc500caf121/packaging-23.1-py3-none-any.whl", hash = "sha256:994793af429502c4ea2ebf6bf664629d07c1a9fe974af92966e4b8d2df7edc61", size = 48905 },
]

[[package]]
name = "protobuf"
version = "4.23.2"
source = { registry = "https://pypi.org/simple" }
sdist = { url = "https://files.pythonhosted.org/packages/7f/2e/49d5a453d68febffbb602ad985b7432377e36bdf47198c6ab05021b33016/protobuf-4.23.2.tar.gz", hash = "sha256:20874e7ca4436f683b64ebdbee2129a5a2c301579a67d1a7dda2cdf62fb7f5f7", size = 400204 }
wheels = [
    { url = "https://files.pythonhosted.org/packages/b5/c6/8b23679288c7135d1be7972e7c1435ea21be8b380d8b88b5627f7dc58851/protobuf-4.23.2-cp310-abi3-win32.whl", hash = "sha256:384dd44cb4c43f2ccddd3645389a23ae61aeb8cfa15ca3a0f60e7c3ea09b28b3", size = 402921 },
    { url = "https://files.pythonhosted.org/packages/e7/ed/7472101221493605af740238fa72bd10c9965e05c50b3ef7904c7cad712c/protobuf-4.23.2-cp310-abi3-win_amd64.whl", hash = "sha256:09310bce43353b46d73ba7e3bca78273b9bc50349509b9698e64d288c6372c2a", size = 422528 },
    { url = "https://files.pythonhosted.org/packages/8b/e8/778843c7d969167a8be2967a19f55b50ee286fe44ceac17283beafc27fae/protobuf-4.23.2-cp37-abi3-macosx_10_9_universal2.whl", hash = "sha256:b2cfab63a230b39ae603834718db74ac11e52bccaaf19bf20f5cce1a84cf76df", size = 400344 },
    { url = "https://files.pythonhosted.org/packages/b4/39/be34246e573270e3db7bc74690ddfdaf5d5b267129d657d278949a496572/protobuf-4.23.2-cp37-abi3-manylinux2014_aarch64.whl", hash = "sha256:c52cfcbfba8eb791255edd675c1fe6056f723bf832fa67f0442218f8817c076e", size = 303435 },
    { url = "https://files.pythonhosted.org/packages/14/23/f3b852093f3a7031049313913e04431e7a32bd9752adfaf79d1193cf05b1/protobuf-4.23.2-cp37-abi3-manylinux2014_x86_64.whl", hash = "sha256:86df87016d290143c7ce3be3ad52d055714ebaebb57cc659c387e76cfacd81aa", size = 304461 },
    { url = "https://files.pythonhosted.org/packages/b2/0b/5dad6967d12c4333c3389fb0648e32a143296b4c8e93dd6330da7cb51c71/protobuf-4.23.2-cp39-cp39-win32.whl", hash = "sha256:efabbbbac1ab519a514579ba9ec52f006c28ae19d97915951f69fa70da2c9e91", size = 403016 },
    { url = "https://files.pythonhosted.org/packages/01/2b/d8d9f18f013869fb0ef1e10bcbe2c7d922f9852594dc16c61fd39da21231/protobuf-4.23.2-cp39-cp39-win_amd64.whl", hash = "sha256:54a533b971288af3b9926e53850c7eb186886c0c84e61daa8444385a4720297f", size = 422489 },
    { url = "https://files.pythonhosted.org/packages/1d/af/4e351c0157d5a0440dc3ac0b3c1fdaa036b3b446bf98310b5e3d6d9d2733/protobuf-4.23.2-py3-none-any.whl", hash = "sha256:8da6070310d634c99c0db7df48f10da495cc283fd9e9234877f0cd182d43ab7f", size = 173331 },
]

[[package]]
name = "pyreadline3"
version = "3.5.4"
source = { registry = "https://pypi.org/simple" }
sdist = { url = "https://files.pythonhosted.org/packages/0f/49/4cea918a08f02817aabae639e3d0ac046fef9f9180518a3ad394e22da148/pyreadline3-3.5.4.tar.gz", hash = "sha256:8d57d53039a1c75adba8e50dd3d992b28143480816187ea5efbd5c78e6c885b7", size = 99839 }
wheels = [
    { url = "https://files.pythonhosted.org/packages/5a/dc/491b7661614ab97483abf2056be1deee4dc2490ecbf7bff9ab5cdbac86e1/pyreadline3-3.5.4-py3-none-any.whl", hash = "sha256:eaf8e6cc3c49bcccf145fc6067ba8643d1df34d604a1ec0eccbf7a18e6d3fae6", size = 83178 },
]

[[package]]
name = "sympy"
version = "1.12"
source = { registry = "https://pypi.org/simple" }
dependencies = [
    { name = "mpmath" },
]
sdist = { url = "https://files.pythonhosted.org/packages/e5/57/3485a1a3dff51bfd691962768b14310dae452431754bfc091250be50dd29/sympy-1.12.tar.gz", hash = "sha256:ebf595c8dac3e0fdc4152c51878b498396ec7f30e7a914d6071e674d49420fb8", size = 6722203 }
wheels = [
    { url = "https://files.pythonhosted.org/packages/d2/05/e6600db80270777c4a64238a98d442f0fd07cc8915be2a1c16da7f2b9e74/sympy-1.12-py3-none-any.whl", hash = "sha256:c3588cd4295d0c0f603d0f2ae780587e64e2efeedb3521e46b9bb1d08d184fa5", size = 5742435 },
]
